
Microsoft Visual Studio Solution File, Format Version 12.00
# Visual Studio Version 17
VisualStudioVersion = 17.1.32228.430
MinimumVisualStudioVersion = 10.0.40219.1
Project("{FAE04EC0-301F-11D3-BF4B-00C04F79EFBC}") = "Task1", "Task1\Task1.csproj", "{DF64C3FF-B8EF-405F-89B1-D7500119D0D8}"
EndProject
Global
	GlobalSection(SolutionConfigurationPlatforms) = preSolution
		Debug|Any CPU = Debug|Any CPU
		Release|Any CPU = Release|Any CPU
	EndGlobalSection
	GlobalSection(ProjectConfigurationPlatforms) = postSolution
		{DF64C3FF-B8EF-405F-89B1-D7500119D0D8}.Debug|Any CPU.ActiveCfg = Debug|Any CPU
		{DF64C3FF-B8EF-405F-89B1-D7500119D0D8}.Debug|Any CPU.Build.0 = Debug|Any CPU
		{DF64C3FF-B8EF-405F-89B1-D7500119D0D8}.Release|Any CPU.ActiveCfg = Release|Any CPU
		{DF64C3FF-B8EF-405F-89B1-D7500119D0D8}.Release|Any CPU.Build.0 = Release|Any CPU
	EndGlobalSection
	GlobalSection(SolutionProperties) = preSolution
		HideSolutionNode = FALSE
	EndGlobalSection
	GlobalSection(ExtensibilityGlobals) = postSolution
		SolutionGuid = {C7F6CA53-CFD7-43D9-B4B0-3A26E1BA5A92}
	EndGlobalSection
EndGlobal
